
Microsoft Visual Studio Solution File, Format Version 12.00
# Visual Studio 2013
VisualStudioVersion = 12.0.40629.0
MinimumVisualStudioVersion = 10.0.40219.1
Project("{FAE04EC0-301F-11D3-BF4B-00C04F79EFBC}") = "MigrationTool.Integration", "MigrationTool.Integration\MigrationTool.Integration.csproj", "{EF8F74BF-43AC-43EA-9609-A8CA08FEDFDE}"
	ProjectSection(ProjectDependencies) = postProject
		{33C24BBA-60B0-48E6-AABA-350413BFE578} = {33C24BBA-60B0-48E6-AABA-350413BFE578}
	EndProjectSection
EndProject
Project("{FAE04EC0-301F-11D3-BF4B-00C04F79EFBC}") = "MigrationTool.Services", "MigrationTool.Services\MigrationTool.Services.csproj", "{74127C2A-F1AD-4795-A688-00F807BEA0FE}"
EndProject
Project("{FAE04EC0-301F-11D3-BF4B-00C04F79EFBC}") = "Siberia.Migration.Entities", "..\Web\Siberia.Migration.Entities\Siberia.Migration.Entities.csproj", "{E260F573-14E4-49EA-A013-96EFF2D06F81}"
EndProject
Project("{FAE04EC0-301F-11D3-BF4B-00C04F79EFBC}") = "MigrationTool", "MigrationTool\MigrationTool.csproj", "{99AD3996-4FF8-4350-A335-39B4C3AD5B15}"
	ProjectSection(ProjectDependencies) = postProject
		{33C24BBA-60B0-48E6-AABA-350413BFE578} = {33C24BBA-60B0-48E6-AABA-350413BFE578}
	EndProjectSection
EndProject
Project("{FAE04EC0-301F-11D3-BF4B-00C04F79EFBC}") = "MigrationTool.ViewModels", "MigrationTool.ViewModels\MigrationTool.ViewModels.csproj", "{33C24BBA-60B0-48E6-AABA-350413BFE578}"
EndProject
Project("{FAE04EC0-301F-11D3-BF4B-00C04F79EFBC}") = "Siberia.Migration.Serialization", "..\Web\Siberia.Migration.Serialization\Siberia.Migration.Serialization.csproj", "{FC05375A-6A64-4BD4-BD24-3FE7D8EAAE39}"
EndProject
Project("{FAE04EC0-301F-11D3-BF4B-00C04F79EFBC}") = "MigrationTool.Tests", "MigrationTool.Tests\MigrationTool.Tests.csproj", "{F8211D12-9D60-4CE5-B83C-800BCBF36A2D}"
EndProject
Global
	GlobalSection(SolutionConfigurationPlatforms) = preSolution
		AzureTest1|Any CPU = AzureTest1|Any CPU
		AzureTest2|Any CPU = AzureTest2|Any CPU
		Debug|Any CPU = Debug|Any CPU
		Performance|Any CPU = Performance|Any CPU
		Production1|Any CPU = Production1|Any CPU
		Production2|Any CPU = Production2|Any CPU
		Release|Any CPU = Release|Any CPU
		ReleaseDemo|Any CPU = ReleaseDemo|Any CPU
		ReleaseDev|Any CPU = ReleaseDev|Any CPU
		ReleaseStage1|Any CPU = ReleaseStage1|Any CPU
		ReleaseStage2|Any CPU = ReleaseStage2|Any CPU
		ReleaseTest1|Any CPU = ReleaseTest1|Any CPU
		ReleaseTest2|Any CPU = ReleaseTest2|Any CPU
	EndGlobalSection
	GlobalSection(ProjectConfigurationPlatforms) = postSolution
		{EF8F74BF-43AC-43EA-9609-A8CA08FEDFDE}.AzureTest1|Any CPU.ActiveCfg = AzureTest1|Any CPU
		{EF8F74BF-43AC-43EA-9609-A8CA08FEDFDE}.AzureTest1|Any CPU.Build.0 = AzureTest1|Any CPU
		{EF8F74BF-43AC-43EA-9609-A8CA08FEDFDE}.AzureTest2|Any CPU.ActiveCfg = AzureTest2|Any CPU
		{EF8F74BF-43AC-43EA-9609-A8CA08FEDFDE}.AzureTest2|Any CPU.Build.0 = AzureTest2|Any CPU
		{EF8F74BF-43AC-43EA-9609-A8CA08FEDFDE}.Debug|Any CPU.ActiveCfg = Debug|Any CPU
		{EF8F74BF-43AC-43EA-9609-A8CA08FEDFDE}.Debug|Any CPU.Build.0 = Debug|Any CPU
		{EF8F74BF-43AC-43EA-9609-A8CA08FEDFDE}.Performance|Any CPU.ActiveCfg = Performance|Any CPU
		{EF8F74BF-43AC-43EA-9609-A8CA08FEDFDE}.Performance|Any CPU.Build.0 = Performance|Any CPU
		{EF8F74BF-43AC-43EA-9609-A8CA08FEDFDE}.Production1|Any CPU.ActiveCfg = Production1|Any CPU
		{EF8F74BF-43AC-43EA-9609-A8CA08FEDFDE}.Production1|Any CPU.Build.0 = Production1|Any CPU
		{EF8F74BF-43AC-43EA-9609-A8CA08FEDFDE}.Production2|Any CPU.ActiveCfg = Production2|Any CPU
		{EF8F74BF-43AC-43EA-9609-A8CA08FEDFDE}.Production2|Any CPU.Build.0 = Production2|Any CPU
		{EF8F74BF-43AC-43EA-9609-A8CA08FEDFDE}.Release|Any CPU.ActiveCfg = Release|Any CPU
		{EF8F74BF-43AC-43EA-9609-A8CA08FEDFDE}.Release|Any CPU.Build.0 = Release|Any CPU
		{EF8F74BF-43AC-43EA-9609-A8CA08FEDFDE}.ReleaseDemo|Any CPU.ActiveCfg = ReleaseDemo|Any CPU
		{EF8F74BF-43AC-43EA-9609-A8CA08FEDFDE}.ReleaseDemo|Any CPU.Build.0 = ReleaseDemo|Any CPU
		{EF8F74BF-43AC-43EA-9609-A8CA08FEDFDE}.ReleaseDev|Any CPU.ActiveCfg = ReleaseDev|Any CPU
		{EF8F74BF-43AC-43EA-9609-A8CA08FEDFDE}.ReleaseDev|Any CPU.Build.0 = ReleaseDev|Any CPU
		{EF8F74BF-43AC-43EA-9609-A8CA08FEDFDE}.ReleaseStage1|Any CPU.ActiveCfg = ReleaseStage1|Any CPU
		{EF8F74BF-43AC-43EA-9609-A8CA08FEDFDE}.ReleaseStage1|Any CPU.Build.0 = ReleaseStage1|Any CPU
		{EF8F74BF-43AC-43EA-9609-A8CA08FEDFDE}.ReleaseStage2|Any CPU.ActiveCfg = ReleaseStage2|Any CPU
		{EF8F74BF-43AC-43EA-9609-A8CA08FEDFDE}.ReleaseStage2|Any CPU.Build.0 = ReleaseStage2|Any CPU
		{EF8F74BF-43AC-43EA-9609-A8CA08FEDFDE}.ReleaseTest1|Any CPU.ActiveCfg = ReleaseTest1|Any CPU
		{EF8F74BF-43AC-43EA-9609-A8CA08FEDFDE}.ReleaseTest1|Any CPU.Build.0 = ReleaseTest1|Any CPU
		{EF8F74BF-43AC-43EA-9609-A8CA08FEDFDE}.ReleaseTest2|Any CPU.ActiveCfg = ReleaseTest2|Any CPU
		{EF8F74BF-43AC-43EA-9609-A8CA08FEDFDE}.ReleaseTest2|Any CPU.Build.0 = ReleaseTest2|Any CPU
		{74127C2A-F1AD-4795-A688-00F807BEA0FE}.AzureTest1|Any CPU.ActiveCfg = AzureTest1|Any CPU
		{74127C2A-F1AD-4795-A688-00F807BEA0FE}.AzureTest1|Any CPU.Build.0 = AzureTest1|Any CPU
		{74127C2A-F1AD-4795-A688-00F807BEA0FE}.AzureTest2|Any CPU.ActiveCfg = AzureTest2|Any CPU
		{74127C2A-F1AD-4795-A688-00F807BEA0FE}.AzureTest2|Any CPU.Build.0 = AzureTest2|Any CPU
		{74127C2A-F1AD-4795-A688-00F807BEA0FE}.Debug|Any CPU.ActiveCfg = Debug|Any CPU
		{74127C2A-F1AD-4795-A688-00F807BEA0FE}.Debug|Any CPU.Build.0 = Debug|Any CPU
		{74127C2A-F1AD-4795-A688-00F807BEA0FE}.Performance|Any CPU.ActiveCfg = Performance|Any CPU
		{74127C2A-F1AD-4795-A688-00F807BEA0FE}.Performance|Any CPU.Build.0 = Performance|Any CPU
		{74127C2A-F1AD-4795-A688-00F807BEA0FE}.Production1|Any CPU.ActiveCfg = Production1|Any CPU
		{74127C2A-F1AD-4795-A688-00F807BEA0FE}.Production1|Any CPU.Build.0 = Production1|Any CPU
		{74127C2A-F1AD-4795-A688-00F807BEA0FE}.Production2|Any CPU.ActiveCfg = Production2|Any CPU
		{74127C2A-F1AD-4795-A688-00F807BEA0FE}.Production2|Any CPU.Build.0 = Production2|Any CPU
		{74127C2A-F1AD-4795-A688-00F807BEA0FE}.Release|Any CPU.ActiveCfg = Release|Any CPU
		{74127C2A-F1AD-4795-A688-00F807BEA0FE}.Release|Any CPU.Build.0 = Release|Any CPU
		{74127C2A-F1AD-4795-A688-00F807BEA0FE}.ReleaseDemo|Any CPU.ActiveCfg = ReleaseDemo|Any CPU
		{74127C2A-F1AD-4795-A688-00F807BEA0FE}.ReleaseDemo|Any CPU.Build.0 = ReleaseDemo|Any CPU
		{74127C2A-F1AD-4795-A688-00F807BEA0FE}.ReleaseDev|Any CPU.ActiveCfg = ReleaseDev|Any CPU
		{74127C2A-F1AD-4795-A688-00F807BEA0FE}.ReleaseDev|Any CPU.Build.0 = ReleaseDev|Any CPU
		{74127C2A-F1AD-4795-A688-00F807BEA0FE}.ReleaseStage1|Any CPU.ActiveCfg = ReleaseStage1|Any CPU
		{74127C2A-F1AD-4795-A688-00F807BEA0FE}.ReleaseStage1|Any CPU.Build.0 = ReleaseStage1|Any CPU
		{74127C2A-F1AD-4795-A688-00F807BEA0FE}.ReleaseStage2|Any CPU.ActiveCfg = ReleaseStage2|Any CPU
		{74127C2A-F1AD-4795-A688-00F807BEA0FE}.ReleaseStage2|Any CPU.Build.0 = ReleaseStage2|Any CPU
		{74127C2A-F1AD-4795-A688-00F807BEA0FE}.ReleaseTest1|Any CPU.ActiveCfg = ReleaseTest1|Any CPU
		{74127C2A-F1AD-4795-A688-00F807BEA0FE}.ReleaseTest1|Any CPU.Build.0 = ReleaseTest1|Any CPU
		{74127C2A-F1AD-4795-A688-00F807BEA0FE}.ReleaseTest2|Any CPU.ActiveCfg = ReleaseTest2|Any CPU
		{74127C2A-F1AD-4795-A688-00F807BEA0FE}.ReleaseTest2|Any CPU.Build.0 = ReleaseTest2|Any CPU
		{E260F573-14E4-49EA-A013-96EFF2D06F81}.AzureTest1|Any CPU.ActiveCfg = AzureTest1|Any CPU
		{E260F573-14E4-49EA-A013-96EFF2D06F81}.AzureTest1|Any CPU.Build.0 = AzureTest1|Any CPU
		{E260F573-14E4-49EA-A013-96EFF2D06F81}.AzureTest2|Any CPU.ActiveCfg = AzureTest2|Any CPU
		{E260F573-14E4-49EA-A013-96EFF2D06F81}.AzureTest2|Any CPU.Build.0 = AzureTest2|Any CPU
		{E260F573-14E4-49EA-A013-96EFF2D06F81}.Debug|Any CPU.ActiveCfg = Debug|Any CPU
		{E260F573-14E4-49EA-A013-96EFF2D06F81}.Debug|Any CPU.Build.0 = Debug|Any CPU
		{E260F573-14E4-49EA-A013-96EFF2D06F81}.Performance|Any CPU.ActiveCfg = Performance|Any CPU
		{E260F573-14E4-49EA-A013-96EFF2D06F81}.Performance|Any CPU.Build.0 = Performance|Any CPU
		{E260F573-14E4-49EA-A013-96EFF2D06F81}.Production1|Any CPU.ActiveCfg = Production1|Any CPU
		{E260F573-14E4-49EA-A013-96EFF2D06F81}.Production1|Any CPU.Build.0 = Production1|Any CPU
		{E260F573-14E4-49EA-A013-96EFF2D06F81}.Production2|Any CPU.ActiveCfg = Production2|Any CPU
		{E260F573-14E4-49EA-A013-96EFF2D06F81}.Production2|Any CPU.Build.0 = Production2|Any CPU
		{E260F573-14E4-49EA-A013-96EFF2D06F81}.Release|Any CPU.ActiveCfg = Release|Any CPU
		{E260F573-14E4-49EA-A013-96EFF2D06F81}.Release|Any CPU.Build.0 = Release|Any CPU
		{E260F573-14E4-49EA-A013-96EFF2D06F81}.ReleaseDemo|Any CPU.ActiveCfg = ReleaseDemo|Any CPU
		{E260F573-14E4-49EA-A013-96EFF2D06F81}.ReleaseDemo|Any CPU.Build.0 = ReleaseDemo|Any CPU
		{E260F573-14E4-49EA-A013-96EFF2D06F81}.ReleaseDev|Any CPU.ActiveCfg = ReleaseDev|Any CPU
		{E260F573-14E4-49EA-A013-96EFF2D06F81}.ReleaseDev|Any CPU.Build.0 = ReleaseDev|Any CPU
		{E260F573-14E4-49EA-A013-96EFF2D06F81}.ReleaseStage1|Any CPU.ActiveCfg = ReleaseStage1|Any CPU
		{E260F573-14E4-49EA-A013-96EFF2D06F81}.ReleaseStage1|Any CPU.Build.0 = ReleaseStage1|Any CPU
		{E260F573-14E4-49EA-A013-96EFF2D06F81}.ReleaseStage2|Any CPU.ActiveCfg = ReleaseStage2|Any CPU
		{E260F573-14E4-49EA-A013-96EFF2D06F81}.ReleaseStage2|Any CPU.Build.0 = ReleaseStage2|Any CPU
		{E260F573-14E4-49EA-A013-96EFF2D06F81}.ReleaseTest1|Any CPU.ActiveCfg = ReleaseTest1|Any CPU
		{E260F573-14E4-49EA-A013-96EFF2D06F81}.ReleaseTest1|Any CPU.Build.0 = ReleaseTest1|Any CPU
		{E260F573-14E4-49EA-A013-96EFF2D06F81}.ReleaseTest2|Any CPU.ActiveCfg = ReleaseTest2|Any CPU
		{E260F573-14E4-49EA-A013-96EFF2D06F81}.ReleaseTest2|Any CPU.Build.0 = ReleaseTest2|Any CPU
		{99AD3996-4FF8-4350-A335-39B4C3AD5B15}.AzureTest1|Any CPU.ActiveCfg = AzureTest1|Any CPU
		{99AD3996-4FF8-4350-A335-39B4C3AD5B15}.AzureTest1|Any CPU.Build.0 = AzureTest1|Any CPU
		{99AD3996-4FF8-4350-A335-39B4C3AD5B15}.AzureTest2|Any CPU.ActiveCfg = AzureTest2|Any CPU
		{99AD3996-4FF8-4350-A335-39B4C3AD5B15}.AzureTest2|Any CPU.Build.0 = AzureTest2|Any CPU
		{99AD3996-4FF8-4350-A335-39B4C3AD5B15}.Debug|Any CPU.ActiveCfg = Debug|Any CPU
		{99AD3996-4FF8-4350-A335-39B4C3AD5B15}.Debug|Any CPU.Build.0 = Debug|Any CPU
		{99AD3996-4FF8-4350-A335-39B4C3AD5B15}.Performance|Any CPU.ActiveCfg = Performance|Any CPU
		{99AD3996-4FF8-4350-A335-39B4C3AD5B15}.Performance|Any CPU.Build.0 = Performance|Any CPU
		{99AD3996-4FF8-4350-A335-39B4C3AD5B15}.Production1|Any CPU.ActiveCfg = Production1|Any CPU
		{99AD3996-4FF8-4350-A335-39B4C3AD5B15}.Production1|Any CPU.Build.0 = Production1|Any CPU
		{99AD3996-4FF8-4350-A335-39B4C3AD5B15}.Production2|Any CPU.ActiveCfg = Production2|Any CPU
		{99AD3996-4FF8-4350-A335-39B4C3AD5B15}.Production2|Any CPU.Build.0 = Production2|Any CPU
		{99AD3996-4FF8-4350-A335-39B4C3AD5B15}.Release|Any CPU.ActiveCfg = Release|Any CPU
		{99AD3996-4FF8-4350-A335-39B4C3AD5B15}.Release|Any CPU.Build.0 = Release|Any CPU
		{99AD3996-4FF8-4350-A335-39B4C3AD5B15}.ReleaseDemo|Any CPU.ActiveCfg = ReleaseDemo|Any CPU
		{99AD3996-4FF8-4350-A335-39B4C3AD5B15}.ReleaseDemo|Any CPU.Build.0 = ReleaseDemo|Any CPU
		{99AD3996-4FF8-4350-A335-39B4C3AD5B15}.ReleaseDev|Any CPU.ActiveCfg = ReleaseDev|Any CPU
		{99AD3996-4FF8-4350-A335-39B4C3AD5B15}.ReleaseDev|Any CPU.Build.0 = ReleaseDev|Any CPU
		{99AD3996-4FF8-4350-A335-39B4C3AD5B15}.ReleaseStage1|Any CPU.ActiveCfg = ReleaseStage1|Any CPU
		{99AD3996-4FF8-4350-A335-39B4C3AD5B15}.ReleaseStage1|Any CPU.Build.0 = ReleaseStage1|Any CPU
		{99AD3996-4FF8-4350-A335-39B4C3AD5B15}.ReleaseStage2|Any CPU.ActiveCfg = ReleaseStage2|Any CPU
		{99AD3996-4FF8-4350-A335-39B4C3AD5B15}.ReleaseStage2|Any CPU.Build.0 = ReleaseStage2|Any CPU
		{99AD3996-4FF8-4350-A335-39B4C3AD5B15}.ReleaseTest1|Any CPU.ActiveCfg = ReleaseTest1|Any CPU
		{99AD3996-4FF8-4350-A335-39B4C3AD5B15}.ReleaseTest1|Any CPU.Build.0 = ReleaseTest1|Any CPU
		{99AD3996-4FF8-4350-A335-39B4C3AD5B15}.ReleaseTest2|Any CPU.ActiveCfg = ReleaseTest2|Any CPU
		{99AD3996-4FF8-4350-A335-39B4C3AD5B15}.ReleaseTest2|Any CPU.Build.0 = ReleaseTest2|Any CPU
		{33C24BBA-60B0-48E6-AABA-350413BFE578}.AzureTest1|Any CPU.ActiveCfg = AzureTest1|Any CPU
		{33C24BBA-60B0-48E6-AABA-350413BFE578}.AzureTest1|Any CPU.Build.0 = AzureTest1|Any CPU
		{33C24BBA-60B0-48E6-AABA-350413BFE578}.AzureTest2|Any CPU.ActiveCfg = AzureTest2|Any CPU
		{33C24BBA-60B0-48E6-AABA-350413BFE578}.AzureTest2|Any CPU.Build.0 = AzureTest2|Any CPU
		{33C24BBA-60B0-48E6-AABA-350413BFE578}.Debug|Any CPU.ActiveCfg = Debug|Any CPU
		{33C24BBA-60B0-48E6-AABA-350413BFE578}.Debug|Any CPU.Build.0 = Debug|Any CPU
		{33C24BBA-60B0-48E6-AABA-350413BFE578}.Performance|Any CPU.ActiveCfg = Performance|Any CPU
		{33C24BBA-60B0-48E6-AABA-350413BFE578}.Performance|Any CPU.Build.0 = Performance|Any CPU
		{33C24BBA-60B0-48E6-AABA-350413BFE578}.Production1|Any CPU.ActiveCfg = Production1|Any CPU
		{33C24BBA-60B0-48E6-AABA-350413BFE578}.Production1|Any CPU.Build.0 = Production1|Any CPU
		{33C24BBA-60B0-48E6-AABA-350413BFE578}.Production2|Any CPU.ActiveCfg = Production2|Any CPU
		{33C24BBA-60B0-48E6-AABA-350413BFE578}.Production2|Any CPU.Build.0 = Production2|Any CPU
		{33C24BBA-60B0-48E6-AABA-350413BFE578}.Release|Any CPU.ActiveCfg = Release|Any CPU
		{33C24BBA-60B0-48E6-AABA-350413BFE578}.Release|Any CPU.Build.0 = Release|Any CPU
		{33C24BBA-60B0-48E6-AABA-350413BFE578}.ReleaseDemo|Any CPU.ActiveCfg = ReleaseDemo|Any CPU
		{33C24BBA-60B0-48E6-AABA-350413BFE578}.ReleaseDemo|Any CPU.Build.0 = ReleaseDemo|Any CPU
		{33C24BBA-60B0-48E6-AABA-350413BFE578}.ReleaseDev|Any CPU.ActiveCfg = ReleaseDev|Any CPU
		{33C24BBA-60B0-48E6-AABA-350413BFE578}.ReleaseDev|Any CPU.Build.0 = ReleaseDev|Any CPU
		{33C24BBA-60B0-48E6-AABA-350413BFE578}.ReleaseStage1|Any CPU.ActiveCfg = ReleaseStage1|Any CPU
		{33C24BBA-60B0-48E6-AABA-350413BFE578}.ReleaseStage1|Any CPU.Build.0 = ReleaseStage1|Any CPU
		{33C24BBA-60B0-48E6-AABA-350413BFE578}.ReleaseStage2|Any CPU.ActiveCfg = ReleaseStage2|Any CPU
		{33C24BBA-60B0-48E6-AABA-350413BFE578}.ReleaseStage2|Any CPU.Build.0 = ReleaseStage2|Any CPU
		{33C24BBA-60B0-48E6-AABA-350413BFE578}.ReleaseTest1|Any CPU.ActiveCfg = ReleaseTest1|Any CPU
		{33C24BBA-60B0-48E6-AABA-350413BFE578}.ReleaseTest1|Any CPU.Build.0 = ReleaseTest1|Any CPU
		{33C24BBA-60B0-48E6-AABA-350413BFE578}.ReleaseTest2|Any CPU.ActiveCfg = ReleaseTest2|Any CPU
		{33C24BBA-60B0-48E6-AABA-350413BFE578}.ReleaseTest2|Any CPU.Build.0 = ReleaseTest2|Any CPU
		{FC05375A-6A64-4BD4-BD24-3FE7D8EAAE39}.AzureTest1|Any CPU.ActiveCfg = AzureTest1|Any CPU
		{FC05375A-6A64-4BD4-BD24-3FE7D8EAAE39}.AzureTest1|Any CPU.Build.0 = AzureTest1|Any CPU
		{FC05375A-6A64-4BD4-BD24-3FE7D8EAAE39}.AzureTest2|Any CPU.ActiveCfg = AzureTest2|Any CPU
		{FC05375A-6A64-4BD4-BD24-3FE7D8EAAE39}.AzureTest2|Any CPU.Build.0 = AzureTest2|Any CPU
		{FC05375A-6A64-4BD4-BD24-3FE7D8EAAE39}.Debug|Any CPU.ActiveCfg = Debug|Any CPU
		{FC05375A-6A64-4BD4-BD24-3FE7D8EAAE39}.Debug|Any CPU.Build.0 = Debug|Any CPU
		{FC05375A-6A64-4BD4-BD24-3FE7D8EAAE39}.Performance|Any CPU.ActiveCfg = Performance|Any CPU
		{FC05375A-6A64-4BD4-BD24-3FE7D8EAAE39}.Performance|Any CPU.Build.0 = Performance|Any CPU
		{FC05375A-6A64-4BD4-BD24-3FE7D8EAAE39}.Production1|Any CPU.ActiveCfg = Production1|Any CPU
		{FC05375A-6A64-4BD4-BD24-3FE7D8EAAE39}.Production1|Any CPU.Build.0 = Production1|Any CPU
		{FC05375A-6A64-4BD4-BD24-3FE7D8EAAE39}.Production2|Any CPU.ActiveCfg = Production2|Any CPU
		{FC05375A-6A64-4BD4-BD24-3FE7D8EAAE39}.Production2|Any CPU.Build.0 = Production2|Any CPU
		{FC05375A-6A64-4BD4-BD24-3FE7D8EAAE39}.Release|Any CPU.ActiveCfg = Release|Any CPU
		{FC05375A-6A64-4BD4-BD24-3FE7D8EAAE39}.Release|Any CPU.Build.0 = Release|Any CPU
		{FC05375A-6A64-4BD4-BD24-3FE7D8EAAE39}.ReleaseDemo|Any CPU.ActiveCfg = ReleaseDemo|Any CPU
		{FC05375A-6A64-4BD4-BD24-3FE7D8EAAE39}.ReleaseDemo|Any CPU.Build.0 = ReleaseDemo|Any CPU
		{FC05375A-6A64-4BD4-BD24-3FE7D8EAAE39}.ReleaseDev|Any CPU.ActiveCfg = ReleaseDev|Any CPU
		{FC05375A-6A64-4BD4-BD24-3FE7D8EAAE39}.ReleaseDev|Any CPU.Build.0 = ReleaseDev|Any CPU
		{FC05375A-6A64-4BD4-BD24-3FE7D8EAAE39}.ReleaseStage1|Any CPU.ActiveCfg = ReleaseStage1|Any CPU
		{FC05375A-6A64-4BD4-BD24-3FE7D8EAAE39}.ReleaseStage1|Any CPU.Build.0 = ReleaseStage1|Any CPU
		{FC05375A-6A64-4BD4-BD24-3FE7D8EAAE39}.ReleaseStage2|Any CPU.ActiveCfg = ReleaseStage2|Any CPU
		{FC05375A-6A64-4BD4-BD24-3FE7D8EAAE39}.ReleaseStage2|Any CPU.Build.0 = ReleaseStage2|Any CPU
		{FC05375A-6A64-4BD4-BD24-3FE7D8EAAE39}.ReleaseTest1|Any CPU.ActiveCfg = ReleaseTest1|Any CPU
		{FC05375A-6A64-4BD4-BD24-3FE7D8EAAE39}.ReleaseTest1|Any CPU.Build.0 = ReleaseTest1|Any CPU
		{FC05375A-6A64-4BD4-BD24-3FE7D8EAAE39}.ReleaseTest2|Any CPU.ActiveCfg = ReleaseTest2|Any CPU
		{FC05375A-6A64-4BD4-BD24-3FE7D8EAAE39}.ReleaseTest2|Any CPU.Build.0 = ReleaseTest2|Any CPU
		{F8211D12-9D60-4CE5-B83C-800BCBF36A2D}.AzureTest1|Any CPU.ActiveCfg = AzureTest1|Any CPU
		{F8211D12-9D60-4CE5-B83C-800BCBF36A2D}.AzureTest1|Any CPU.Build.0 = AzureTest1|Any CPU
		{F8211D12-9D60-4CE5-B83C-800BCBF36A2D}.AzureTest2|Any CPU.ActiveCfg = AzureTest2|Any CPU
		{F8211D12-9D60-4CE5-B83C-800BCBF36A2D}.AzureTest2|Any CPU.Build.0 = AzureTest2|Any CPU
		{F8211D12-9D60-4CE5-B83C-800BCBF36A2D}.Debug|Any CPU.ActiveCfg = Debug|Any CPU
		{F8211D12-9D60-4CE5-B83C-800BCBF36A2D}.Debug|Any CPU.Build.0 = Debug|Any CPU
		{F8211D12-9D60-4CE5-B83C-800BCBF36A2D}.Performance|Any CPU.ActiveCfg = Release|Any CPU
		{F8211D12-9D60-4CE5-B83C-800BCBF36A2D}.Performance|Any CPU.Build.0 = Release|Any CPU
		{F8211D12-9D60-4CE5-B83C-800BCBF36A2D}.Production1|Any CPU.ActiveCfg = Release|Any CPU
		{F8211D12-9D60-4CE5-B83C-800BCBF36A2D}.Production1|Any CPU.Build.0 = Release|Any CPU
		{F8211D12-9D60-4CE5-B83C-800BCBF36A2D}.Production2|Any CPU.ActiveCfg = Release|Any CPU
		{F8211D12-9D60-4CE5-B83C-800BCBF36A2D}.Production2|Any CPU.Build.0 = Release|Any CPU
		{F8211D12-9D60-4CE5-B83C-800BCBF36A2D}.Release|Any CPU.ActiveCfg = Release|Any CPU
		{F8211D12-9D60-4CE5-B83C-800BCBF36A2D}.Release|Any CPU.Build.0 = Release|Any CPU
		{F8211D12-9D60-4CE5-B83C-800BCBF36A2D}.ReleaseDemo|Any CPU.ActiveCfg = Release|Any CPU
		{F8211D12-9D60-4CE5-B83C-800BCBF36A2D}.ReleaseDemo|Any CPU.Build.0 = Release|Any CPU
		{F8211D12-9D60-4CE5-B83C-800BCBF36A2D}.ReleaseDev|Any CPU.ActiveCfg = Release|Any CPU
		{F8211D12-9D60-4CE5-B83C-800BCBF36A2D}.ReleaseDev|Any CPU.Build.0 = Release|Any CPU
		{F8211D12-9D60-4CE5-B83C-800BCBF36A2D}.ReleaseStage1|Any CPU.ActiveCfg = Release|Any CPU
		{F8211D12-9D60-4CE5-B83C-800BCBF36A2D}.ReleaseStage1|Any CPU.Build.0 = Release|Any CPU
		{F8211D12-9D60-4CE5-B83C-800BCBF36A2D}.ReleaseStage2|Any CPU.ActiveCfg = Release|Any CPU
		{F8211D12-9D60-4CE5-B83C-800BCBF36A2D}.ReleaseStage2|Any CPU.Build.0 = Release|Any CPU
		{F8211D12-9D60-4CE5-B83C-800BCBF36A2D}.ReleaseTest1|Any CPU.ActiveCfg = Release|Any CPU
		{F8211D12-9D60-4CE5-B83C-800BCBF36A2D}.ReleaseTest1|Any CPU.Build.0 = Release|Any CPU
		{F8211D12-9D60-4CE5-B83C-800BCBF36A2D}.ReleaseTest2|Any CPU.ActiveCfg = Release|Any CPU
		{F8211D12-9D60-4CE5-B83C-800BCBF36A2D}.ReleaseTest2|Any CPU.Build.0 = Release|Any CPU
	EndGlobalSection
	GlobalSection(SolutionProperties) = preSolution
		HideSolutionNode = FALSE
	EndGlobalSection
EndGlobal
